{
  "name": "node-typescript-no-transpiler-template",
  "version": "1.0.0",
  "lockfileVersion": 3,
  "requires": true,
  "packages": {
    "": {
      "name": "node-typescript-no-transpiler-template",
      "version": "1.0.0",
      "license": "ISC",
      "devDependencies": {
        "@types/node": "^22.19.19",
        "@typescript/native-preview": "^7.0.0-dev.20260511.1"
      }
    },
    "node_modules/@types/node": {
      "version": "22.19.19",
      "resolved": "https://registry.npmjs.org/@types/node/-/node-22.19.19.tgz",
      "integrity": "sha512-dyh/xO2Fh5bYrfWaaqGrRQQGkNdmYw6AmaAUvYeUMNTWQtvb796ikLdmTchRmOlOiIJ1TDXfWgVx1QkUlQ6Hew==",
      "dev": true,
      "license": "MIT",
      "dependencies": {
        "undici-types": "~6.21.0"
      }
    },
    "node_modules/@typescript/native-preview": {
      "version": "7.0.0-dev.20260511.1",
      "resolved": "https://registry.npmjs.org/@typescript/native-preview/-/native-preview-7.0.0-dev.20260511.1.tgz",
      "integrity": "sha512-cUyY4Sr6065280lB6hCwTMCBMTxlEIGjSLzHym28yikA5sFiEsAzlwiU0i+XkTUIqr5K5M/SzSJiioDN+vpjtA==",
      "dev": true,
      "license": "Apache-2.0",
      "bin": {
        "tsgo": "bin/tsgo.js"
      },
      "engines": {
        "node": ">=16.20.0"
      },
      "optionalDependencies": {
        "@typescript/native-preview-darwin-arm64": "7.0.0-dev.20260511.1",
        "@typescript/native-preview-darwin-x64": "7.0.0-dev.20260511.1",
        "@typescript/native-preview-linux-arm": "7.0.0-dev.20260511.1",
        "@typescript/native-preview-linux-arm64": "7.0.0-dev.20260511.1",
        "@typescript/native-preview-linux-x64": "7.0.0-dev.20260511.1",
        "@typescript/native-preview-win32-arm64": "7.0.0-dev.20260511.1",
        "@typescript/native-preview-win32-x64": "7.0.0-dev.20260511.1"
      }
    },
    "node_modules/@typescript/native-preview-darwin-arm64": {
      "version": "7.0.0-dev.20260511.1",
      "resolved": "https://registry.npmjs.org/@typescript/native-preview-darwin-arm64/-/native-preview-darwin-arm64-7.0.0-dev.20260511.1.tgz",
      "integrity": "sha512-SYrqVOlapDxDG7FzHBIJbfgaix+mXPkYzYGqwpz/TAhoPA7sgbfAoGLaqi3ut9N88C/OYNhEX4tjz/0PC9i1nw==",
      "cpu": [
        "arm64"
      ],
      "dev": true,
      "license": "Apache-2.0",
      "optional": true,
      "os": [
        "darwin"
      ],
      "engines": {
        "node": ">=16.20.0"
      }
    },
    "node_modules/@typescript/native-preview-darwin-x64": {
      "version": "7.0.0-dev.20260511.1",
      "resolved": "https://registry.npmjs.org/@typescript/native-preview-darwin-x64/-/native-preview-darwin-x64-7.0.0-dev.20260511.1.tgz",
      "integrity": "sha512-zIe31OYgBvkgTIQEwJtKim6SYyuVTkr+9fK/87hVwKN15X3Ikjeh0C0g2W/Vl4rXeMvy95wBGDN1jpW11DIvgg==",
      "cpu": [
        "x64"
      ],
      "dev": true,
      "license": "Apache-2.0",
      "optional": true,
      "os": [
        "darwin"
      ],
      "engines": {
        "node": ">=16.20.0"
      }
    },
    "node_modules/@typescript/native-preview-linux-arm": {
      "version": "7.0.0-dev.20260511.1",
      "resolved": "https://registry.npmjs.org/@typescript/native-preview-linux-arm/-/native-preview-linux-arm-7.0.0-dev.20260511.1.tgz",
      "integrity": "sha512-02b45lpPmYf125PvcnK67WW93N55qwKmtInwfVefV997S17Ib3h6hlCW4e24BDhNsGRCSLhPA4Lu7ZvTq5pLkw==",
      "cpu": [
        "arm"
      ],
      "dev": true,
      "license": "Apache-2.0",
      "optional": true,
      "os": [
        "linux"
      ],
      "engines": {
        "node": ">=16.20.0"
      }
    },
    "node_modules/@typescript/native-preview-linux-arm64": {
      "version": "7.0.0-dev.20260511.1",
      "resolved": "https://registry.npmjs.org/@typescript/native-preview-linux-arm64/-/native-preview-linux-arm64-7.0.0-dev.20260511.1.tgz",
      "integrity": "sha512-YbmCQXGYkDChGFG7hXJzIgmRjtU1kE5VK/+k322nGnbq4ePqSjS3dS0+ehPATmvfO1XjCDfh3ekED+AtmWk6aQ==",
      "cpu": [
        "arm64"
      ],
      "dev": true,
      "license": "Apache-2.0",
      "optional": true,
      "os": [
        "linux"
      ],
      "engines": {
        "node": ">=16.20.0"
      }
    },
    "node_modules/@typescript/native-preview-linux-x64": {
      "version": "7.0.0-dev.20260511.1",
      "resolved": "https://registry.npmjs.org/@typescript/native-preview-linux-x64/-/native-preview-linux-x64-7.0.0-dev.20260511.1.tgz",
      "integrity": "sha512-e+TweaVJFaM96tV1UM1kRfk2y8QBkZtz7+0wcxrDGmyJz3IIRUlg1btocaBkhsmVtQPXMr37RutBBMgpl3vgUg==",
      "cpu": [
        "x64"
      ],
      "dev": true,
      "license": "Apache-2.0",
      "optional": true,
      "os": [
        "linux"
      ],
      "engines": {
        "node": ">=16.20.0"
      }
    },
    "node_modules/@typescript/native-preview-win32-arm64": {
      "version": "7.0.0-dev.20260511.1",
      "resolved": "https://registry.npmjs.org/@typescript/native-preview-win32-arm64/-/native-preview-win32-arm64-7.0.0-dev.20260511.1.tgz",
      "integrity": "sha512-zgkoGiCpOrly5h8ghcuu6ZNSfrnRqtHoCq584Q92+s4D/j1MU3oKkGPvmkezp5Mj2v7ffR9AjU+lWRDkrfm6eA==",
      "cpu": [
        "arm64"
      ],
      "dev": true,
      "license": "Apache-2.0",
      "optional": true,
      "os": [
        "win32"
      ],
      "engines": {
        "node": ">=16.20.0"
      }
    },
    "node_modules/@typescript/native-preview-win32-x64": {
      "version": "7.0.0-dev.20260511.1",
      "resolved": "https://registry.npmjs.org/@typescript/native-preview-win32-x64/-/native-preview-win32-x64-7.0.0-dev.20260511.1.tgz",
      "integrity": "sha512-SUm7iVYzKaflol+QwH0Ny5jZtco6PJduI+h/TEg0sgBJzVBa+9RN4I9+Xu9v+EJ1bci3XI7835IRdSP36lCgCw==",
      "cpu": [
        "x64"
      ],
      "dev": true,
      "license": "Apache-2.0",
      "optional": true,
      "os": [
        "win32"
      ],
      "engines": {
        "node": ">=16.20.0"
      }
    },
    "node_modules/undici-types": {
      "version": "6.21.0",
      "resolved": "https://registry.npmjs.org/undici-types/-/undici-types-6.21.0.tgz",
      "integrity": "sha512-iwDZqg0QAGrg9Rav5H4n0M64c3mkR59cJ6wQp+7C4nI0gsmExaedaYLNO44eT4AtBBwjbTiGPMlt2Md0T9H9JQ==",
      "dev": true,
      "license": "MIT"
    }
  }
}
